
Microsoft Visual Studio Solution File, Format Version 12.00
# Visual Studio Version 16
VisualStudioVersion = 16.0.30406.217
MinimumVisualStudioVersion = 10.0.40219.1
Project("{8BC9CEB8-8B4A-11D0-8D11-00A0C91BC942}") = "week4-2", "week4-2\week4-2.vcxproj", "{2C4C1467-58C0-4D7A-A500-D2ACC0B353CE}"
EndProject
Global
	GlobalSection(SolutionConfigurationPlatforms) = preSolution
		Debug|x64 = Debug|x64
		Debug|x86 = Debug|x86
		Release|x64 = Release|x64
		Release|x86 = Release|x86
	EndGlobalSection
	GlobalSection(ProjectConfigurationPlatforms) = postSolution
		{2C4C1467-58C0-4D7A-A500-D2ACC0B353CE}.Debug|x64.ActiveCfg = Debug|x64
		{2C4C1467-58C0-4D7A-A500-D2ACC0B353CE}.Debug|x64.Build.0 = Debug|x64
		{2C4C1467-58C0-4D7A-A500-D2ACC0B353CE}.Debug|x86.ActiveCfg = Debug|Win32
		{2C4C1467-58C0-4D7A-A500-D2ACC0B353CE}.Debug|x86.Build.0 = Debug|Win32
		{2C4C1467-58C0-4D7A-A500-D2ACC0B353CE}.Release|x64.ActiveCfg = Release|x64
		{2C4C1467-58C0-4D7A-A500-D2ACC0B353CE}.Release|x64.Build.0 = Release|x64
		{2C4C1467-58C0-4D7A-A500-D2ACC0B353CE}.Release|x86.ActiveCfg = Release|Win32
		{2C4C1467-58C0-4D7A-A500-D2ACC0B353CE}.Release|x86.Build.0 = Release|Win32
	EndGlobalSection
	GlobalSection(SolutionProperties) = preSolution
		HideSolutionNode = FALSE
	EndGlobalSection
	GlobalSection(ExtensibilityGlobals) = postSolution
		SolutionGuid = {2C62DBD2-F11D-47E3-9E95-76BCD2AA235C}
	EndGlobalSection
EndGlobal
